
Microsoft Visual Studio Solution File, Format Version 12.00
# Visual Studio Version 16
VisualStudioVersion = 16.0.29613.14
MinimumVisualStudioVersion = 10.0.40219.1
Project("{8BC9CEB8-8B4A-11D0-8D11-00A0C91BC942}") = "CredentialProviderFilter", "CredentialProviderFilter\CredentialProviderFilter.vcxproj", "{E8100BB4-E5F1-47D0-A4FD-4A8C70503D9F}"
EndProject
Project("{2150E333-8FDC-42A3-9474-1A3956D46DE8}") = "Solution Items", "Solution Items", "{702EF40A-4EA9-4927-B46F-A876B7DA17DF}"
	ProjectSection(SolutionItems) = preProject
		ApacheLicense.rtf = ApacheLicense.rtf
		ApacheLicense.txt = ApacheLicense.txt
		BUILD.TXT = BUILD.TXT
	EndProjectSection
EndProject
Project("{8BC9CEB8-8B4A-11D0-8D11-00A0C91BC942}") = "CredentialProvider", "CredentialProvider\CredentialProvider.vcxproj", "{2DF895C3-D1B4-4632-8F76-F06670A0D311}"
	ProjectSection(ProjectDependencies) = postProject
		{6DB4CA8D-7529-4310-A4CF-F3DED2D143CC} = {6DB4CA8D-7529-4310-A4CF-F3DED2D143CC}
	EndProjectSection
EndProject
Project("{2150E333-8FDC-42A3-9474-1A3956D46DE8}") = "versioning", "versioning", "{F6FE8812-5A52-4DF8-A56A-9E8E1B4B9EE7}"
	ProjectSection(SolutionItems) = preProject
		versioning\version.h = versioning\version.h
	EndProjectSection
EndProject
Project("{8BC9CEB8-8B4A-11D0-8D11-00A0C91BC942}") = "CppClientCore", "CppClientCore\CppClientCore\CppClientCore.vcxproj", "{6DB4CA8D-7529-4310-A4CF-F3DED2D143CC}"
EndProject
Project("{8BC9CEB8-8B4A-11D0-8D11-00A0C91BC942}") = "Shared", "Shared\Shared.vcxproj", "{B8D8378C-0720-4DCC-BA1D-D55BDDD97037}"
EndProject
Global
	GlobalSection(SolutionConfigurationPlatforms) = preSolution
		Debug|Any CPU = Debug|Any CPU
		Debug|ARM = Debug|ARM
		Debug|Mixed Platforms = Debug|Mixed Platforms
		Debug|Win32 = Debug|Win32
		Debug|x64 = Debug|x64
		Debug|x86 = Debug|x86
		Release|Any CPU = Release|Any CPU
		Release|ARM = Release|ARM
		Release|Mixed Platforms = Release|Mixed Platforms
		Release|Win32 = Release|Win32
		Release|x64 = Release|x64
		Release|x86 = Release|x86
	EndGlobalSection
	GlobalSection(ProjectConfigurationPlatforms) = postSolution
		{E8100BB4-E5F1-47D0-A4FD-4A8C70503D9F}.Debug|Any CPU.ActiveCfg = Debug|x64
		{E8100BB4-E5F1-47D0-A4FD-4A8C70503D9F}.Debug|ARM.ActiveCfg = Debug|Win32
		{E8100BB4-E5F1-47D0-A4FD-4A8C70503D9F}.Debug|Mixed Platforms.ActiveCfg = Debug|Win32
		{E8100BB4-E5F1-47D0-A4FD-4A8C70503D9F}.Debug|Mixed Platforms.Build.0 = Debug|Win32
		{E8100BB4-E5F1-47D0-A4FD-4A8C70503D9F}.Debug|Win32.ActiveCfg = Debug|Win32
		{E8100BB4-E5F1-47D0-A4FD-4A8C70503D9F}.Debug|Win32.Build.0 = Debug|Win32
		{E8100BB4-E5F1-47D0-A4FD-4A8C70503D9F}.Debug|x64.ActiveCfg = Debug|x64
		{E8100BB4-E5F1-47D0-A4FD-4A8C70503D9F}.Debug|x64.Build.0 = Debug|x64
		{E8100BB4-E5F1-47D0-A4FD-4A8C70503D9F}.Debug|x86.ActiveCfg = Debug|Win32
		{E8100BB4-E5F1-47D0-A4FD-4A8C70503D9F}.Debug|x86.Build.0 = Debug|Win32
		{E8100BB4-E5F1-47D0-A4FD-4A8C70503D9F}.Release|Any CPU.ActiveCfg = Release|Win32
		{E8100BB4-E5F1-47D0-A4FD-4A8C70503D9F}.Release|ARM.ActiveCfg = Release|Win32
		{E8100BB4-E5F1-47D0-A4FD-4A8C70503D9F}.Release|Mixed Platforms.ActiveCfg = Release|Win32
		{E8100BB4-E5F1-47D0-A4FD-4A8C70503D9F}.Release|Mixed Platforms.Build.0 = Release|Win32
		{E8100BB4-E5F1-47D0-A4FD-4A8C70503D9F}.Release|Win32.ActiveCfg = Release|Win32
		{E8100BB4-E5F1-47D0-A4FD-4A8C70503D9F}.Release|Win32.Build.0 = Release|Win32
		{E8100BB4-E5F1-47D0-A4FD-4A8C70503D9F}.Release|x64.ActiveCfg = Release|x64
		{E8100BB4-E5F1-47D0-A4FD-4A8C70503D9F}.Release|x64.Build.0 = Release|x64
		{E8100BB4-E5F1-47D0-A4FD-4A8C70503D9F}.Release|x86.ActiveCfg = Release|Win32
		{E8100BB4-E5F1-47D0-A4FD-4A8C70503D9F}.Release|x86.Build.0 = Release|Win32
		{2DF895C3-D1B4-4632-8F76-F06670A0D311}.Debug|Any CPU.ActiveCfg = Debug|x64
		{2DF895C3-D1B4-4632-8F76-F06670A0D311}.Debug|ARM.ActiveCfg = Debug|Win32
		{2DF895C3-D1B4-4632-8F76-F06670A0D311}.Debug|Mixed Platforms.ActiveCfg = Debug|Win32
		{2DF895C3-D1B4-4632-8F76-F06670A0D311}.Debug|Mixed Platforms.Build.0 = Debug|Win32
		{2DF895C3-D1B4-4632-8F76-F06670A0D311}.Debug|Win32.ActiveCfg = Debug|Win32
		{2DF895C3-D1B4-4632-8F76-F06670A0D311}.Debug|Win32.Build.0 = Debug|Win32
		{2DF895C3-D1B4-4632-8F76-F06670A0D311}.Debug|x64.ActiveCfg = Debug|x64
		{2DF895C3-D1B4-4632-8F76-F06670A0D311}.Debug|x64.Build.0 = Debug|x64
		{2DF895C3-D1B4-4632-8F76-F06670A0D311}.Debug|x86.ActiveCfg = Debug|Win32
		{2DF895C3-D1B4-4632-8F76-F06670A0D311}.Debug|x86.Build.0 = Debug|Win32
		{2DF895C3-D1B4-4632-8F76-F06670A0D311}.Release|Any CPU.ActiveCfg = Release|Win32
		{2DF895C3-D1B4-4632-8F76-F06670A0D311}.Release|ARM.ActiveCfg = Release|Win32
		{2DF895C3-D1B4-4632-8F76-F06670A0D311}.Release|Mixed Platforms.ActiveCfg = Release|Win32
		{2DF895C3-D1B4-4632-8F76-F06670A0D311}.Release|Mixed Platforms.Build.0 = Release|Win32
		{2DF895C3-D1B4-4632-8F76-F06670A0D311}.Release|Win32.ActiveCfg = Release|Win32
		{2DF895C3-D1B4-4632-8F76-F06670A0D311}.Release|Win32.Build.0 = Release|Win32
		{2DF895C3-D1B4-4632-8F76-F06670A0D311}.Release|x64.ActiveCfg = Release|x64
		{2DF895C3-D1B4-4632-8F76-F06670A0D311}.Release|x64.Build.0 = Release|x64
		{2DF895C3-D1B4-4632-8F76-F06670A0D311}.Release|x86.ActiveCfg = Release|Win32
		{2DF895C3-D1B4-4632-8F76-F06670A0D311}.Release|x86.Build.0 = Release|Win32
		{6DB4CA8D-7529-4310-A4CF-F3DED2D143CC}.Debug|Any CPU.ActiveCfg = Debug|Win32
		{6DB4CA8D-7529-4310-A4CF-F3DED2D143CC}.Debug|ARM.ActiveCfg = Debug|Win32
		{6DB4CA8D-7529-4310-A4CF-F3DED2D143CC}.Debug|Mixed Platforms.ActiveCfg = Debug|Win32
		{6DB4CA8D-7529-4310-A4CF-F3DED2D143CC}.Debug|Mixed Platforms.Build.0 = Debug|Win32
		{6DB4CA8D-7529-4310-A4CF-F3DED2D143CC}.Debug|Win32.ActiveCfg = Debug|Win32
		{6DB4CA8D-7529-4310-A4CF-F3DED2D143CC}.Debug|Win32.Build.0 = Debug|Win32
		{6DB4CA8D-7529-4310-A4CF-F3DED2D143CC}.Debug|x64.ActiveCfg = Debug|x64
		{6DB4CA8D-7529-4310-A4CF-F3DED2D143CC}.Debug|x64.Build.0 = Debug|x64
		{6DB4CA8D-7529-4310-A4CF-F3DED2D143CC}.Debug|x86.ActiveCfg = Debug|Win32
		{6DB4CA8D-7529-4310-A4CF-F3DED2D143CC}.Debug|x86.Build.0 = Debug|Win32
		{6DB4CA8D-7529-4310-A4CF-F3DED2D143CC}.Release|Any CPU.ActiveCfg = Release|Win32
		{6DB4CA8D-7529-4310-A4CF-F3DED2D143CC}.Release|ARM.ActiveCfg = Release|Win32
		{6DB4CA8D-7529-4310-A4CF-F3DED2D143CC}.Release|Mixed Platforms.ActiveCfg = Release|Win32
		{6DB4CA8D-7529-4310-A4CF-F3DED2D143CC}.Release|Mixed Platforms.Build.0 = Release|Win32
		{6DB4CA8D-7529-4310-A4CF-F3DED2D143CC}.Release|Win32.ActiveCfg = Release|Win32
		{6DB4CA8D-7529-4310-A4CF-F3DED2D143CC}.Release|Win32.Build.0 = Release|Win32
		{6DB4CA8D-7529-4310-A4CF-F3DED2D143CC}.Release|x64.ActiveCfg = Release|x64
		{6DB4CA8D-7529-4310-A4CF-F3DED2D143CC}.Release|x64.Build.0 = Release|x64
		{6DB4CA8D-7529-4310-A4CF-F3DED2D143CC}.Release|x86.ActiveCfg = Release|Win32
		{6DB4CA8D-7529-4310-A4CF-F3DED2D143CC}.Release|x86.Build.0 = Release|Win32
		{B8D8378C-0720-4DCC-BA1D-D55BDDD97037}.Debug|Any CPU.ActiveCfg = Debug|Win32
		{B8D8378C-0720-4DCC-BA1D-D55BDDD97037}.Debug|ARM.ActiveCfg = Debug|Win32
		{B8D8378C-0720-4DCC-BA1D-D55BDDD97037}.Debug|Mixed Platforms.ActiveCfg = Debug|Win32
		{B8D8378C-0720-4DCC-BA1D-D55BDDD97037}.Debug|Mixed Platforms.Build.0 = Debug|Win32
		{B8D8378C-0720-4DCC-BA1D-D55BDDD97037}.Debug|Win32.ActiveCfg = Debug|Win32
		{B8D8378C-0720-4DCC-BA1D-D55BDDD97037}.Debug|Win32.Build.0 = Debug|Win32
		{B8D8378C-0720-4DCC-BA1D-D55BDDD97037}.Debug|x64.ActiveCfg = Debug|x64
		{B8D8378C-0720-4DCC-BA1D-D55BDDD97037}.Debug|x64.Build.0 = Debug|x64
		{B8D8378C-0720-4DCC-BA1D-D55BDDD97037}.Debug|x86.ActiveCfg = Debug|Win32
		{B8D8378C-0720-4DCC-BA1D-D55BDDD97037}.Debug|x86.Build.0 = Debug|Win32
		{B8D8378C-0720-4DCC-BA1D-D55BDDD97037}.Release|Any CPU.ActiveCfg = Release|Win32
		{B8D8378C-0720-4DCC-BA1D-D55BDDD97037}.Release|ARM.ActiveCfg = Release|Win32
		{B8D8378C-0720-4DCC-BA1D-D55BDDD97037}.Release|Mixed Platforms.ActiveCfg = Release|Win32
		{B8D8378C-0720-4DCC-BA1D-D55BDDD97037}.Release|Mixed Platforms.Build.0 = Release|Win32
		{B8D8378C-0720-4DCC-BA1D-D55BDDD97037}.Release|Win32.ActiveCfg = Release|Win32
		{B8D8378C-0720-4DCC-BA1D-D55BDDD97037}.Release|Win32.Build.0 = Release|Win32
		{B8D8378C-0720-4DCC-BA1D-D55BDDD97037}.Release|x64.ActiveCfg = Release|x64
		{B8D8378C-0720-4DCC-BA1D-D55BDDD97037}.Release|x64.Build.0 = Release|x64
		{B8D8378C-0720-4DCC-BA1D-D55BDDD97037}.Release|x86.ActiveCfg = Release|Win32
		{B8D8378C-0720-4DCC-BA1D-D55BDDD97037}.Release|x86.Build.0 = Release|Win32
	EndGlobalSection
	GlobalSection(SolutionProperties) = preSolution
		HideSolutionNode = FALSE
	EndGlobalSection
	GlobalSection(NestedProjects) = preSolution
		{F6FE8812-5A52-4DF8-A56A-9E8E1B4B9EE7} = {702EF40A-4EA9-4927-B46F-A876B7DA17DF}
	EndGlobalSection
	GlobalSection(ExtensibilityGlobals) = postSolution
		SolutionGuid = {4CC99074-7674-465D-A290-F234FF84590E}
	EndGlobalSection
EndGlobal
