
Microsoft Visual Studio Solution File, Format Version 12.00
# Visual Studio Version 16
VisualStudioVersion = 16.0.30709.132
MinimumVisualStudioVersion = 10.0.40219.1
Project("{930C7802-8A8C-48F9-8165-68863BCCD9DD}") = "multiOTPCredentialProviderInstaller", "multiOTPCredentialProviderInstaller\multiOTPCredentialProviderInstaller.wixproj", "{3B1C92FF-9385-4826-A53F-EE5D7C68A81D}"
EndProject
Global
	GlobalSection(SolutionConfigurationPlatforms) = preSolution
		Debug|x64 = Debug|x64
		Debug|x86 = Debug|x86
		Release|x64 = Release|x64
		Release|x86 = Release|x86
	EndGlobalSection
	GlobalSection(ProjectConfigurationPlatforms) = postSolution
		{3B1C92FF-9385-4826-A53F-EE5D7C68A81D}.Debug|x64.ActiveCfg = Debug|x86
		{3B1C92FF-9385-4826-A53F-EE5D7C68A81D}.Debug|x86.ActiveCfg = Debug|x86
		{3B1C92FF-9385-4826-A53F-EE5D7C68A81D}.Debug|x86.Build.0 = Debug|x86
		{3B1C92FF-9385-4826-A53F-EE5D7C68A81D}.Release|x64.ActiveCfg = Release|x64
		{3B1C92FF-9385-4826-A53F-EE5D7C68A81D}.Release|x64.Build.0 = Release|x64
		{3B1C92FF-9385-4826-A53F-EE5D7C68A81D}.Release|x86.ActiveCfg = Release|x86
		{3B1C92FF-9385-4826-A53F-EE5D7C68A81D}.Release|x86.Build.0 = Release|x86
	EndGlobalSection
	GlobalSection(SolutionProperties) = preSolution
		HideSolutionNode = FALSE
	EndGlobalSection
	GlobalSection(ExtensibilityGlobals) = postSolution
		SolutionGuid = {24F75E5B-3AA8-4038-A0F5-5D771FEFCA22}
	EndGlobalSection
EndGlobal
